
Microsoft Visual Studio Solution File, Format Version 12.00
# Visual Studio Version 16
VisualStudioVersion = 16.0.30907.101
MinimumVisualStudioVersion = 10.0.40219.1
Project("{FAE04EC0-301F-11D3-BF4B-00C04F79EFBC}") = "Calculadora", "Calculadora\Calculadora.csproj", "{B55ED735-C28D-4A18-BD55-898D23D0CA67}"
EndProject
Global
	GlobalSection(SolutionConfigurationPlatforms) = preSolution
		Debug|Any CPU = Debug|Any CPU
		Release|Any CPU = Release|Any CPU
	EndGlobalSection
	GlobalSection(ProjectConfigurationPlatforms) = postSolution
		{B55ED735-C28D-4A18-BD55-898D23D0CA67}.Debug|Any CPU.ActiveCfg = Debug|Any CPU
		{B55ED735-C28D-4A18-BD55-898D23D0CA67}.Debug|Any CPU.Build.0 = Debug|Any CPU
		{B55ED735-C28D-4A18-BD55-898D23D0CA67}.Release|Any CPU.ActiveCfg = Release|Any CPU
		{B55ED735-C28D-4A18-BD55-898D23D0CA67}.Release|Any CPU.Build.0 = Release|Any CPU
	EndGlobalSection
	GlobalSection(SolutionProperties) = preSolution
		HideSolutionNode = FALSE
	EndGlobalSection
	GlobalSection(ExtensibilityGlobals) = postSolution
		SolutionGuid = {0D06FCFC-5009-415C-AA9C-CA5F5DAA33FF}
	EndGlobalSection
EndGlobal
